
Microsoft Visual Studio Solution File, Format Version 12.00
# Visual Studio 15
VisualStudioVersion = 15.0.28306.52
MinimumVisualStudioVersion = 10.0.40219.1
Project("{FAE04EC0-301F-11D3-BF4B-00C04F79EFBC}") = "Fantasymanager", "Fantasymanager\Fantasymanager.csproj", "{A8A66E9C-96F0-4040-8992-5D4D9632E083}"
EndProject
Global
	GlobalSection(SolutionConfigurationPlatforms) = preSolution
		Debug|Any CPU = Debug|Any CPU
		Release|Any CPU = Release|Any CPU
	EndGlobalSection
	GlobalSection(ProjectConfigurationPlatforms) = postSolution
		{A8A66E9C-96F0-4040-8992-5D4D9632E083}.Debug|Any CPU.ActiveCfg = Debug|Any CPU
		{A8A66E9C-96F0-4040-8992-5D4D9632E083}.Debug|Any CPU.Build.0 = Debug|Any CPU
		{A8A66E9C-96F0-4040-8992-5D4D9632E083}.Release|Any CPU.ActiveCfg = Release|Any CPU
		{A8A66E9C-96F0-4040-8992-5D4D9632E083}.Release|Any CPU.Build.0 = Release|Any CPU
	EndGlobalSection
	GlobalSection(SolutionProperties) = preSolution
		HideSolutionNode = FALSE
	EndGlobalSection
	GlobalSection(ExtensibilityGlobals) = postSolution
		SolutionGuid = {B60E186C-EC8A-4542-870D-D5AFA4CEC1D3}
	EndGlobalSection
EndGlobal
